
Microsoft Visual Studio Solution File, Format Version 12.00
# Visual Studio Version 16
VisualStudioVersion = 16.0.31112.23
MinimumVisualStudioVersion = 10.0.40219.1
Project("{FAE04EC0-301F-11D3-BF4B-00C04F79EFBC}") = "Meet_and_Copmete_Capstone", "Meet_and_Copmete_Capstone\Meet_and_Copmete_Capstone.csproj", "{DFF946F2-F779-404F-9E16-900BF988D379}"
EndProject
Global
	GlobalSection(SolutionConfigurationPlatforms) = preSolution
		Debug|Any CPU = Debug|Any CPU
		Release|Any CPU = Release|Any CPU
	EndGlobalSection
	GlobalSection(ProjectConfigurationPlatforms) = postSolution
		{DFF946F2-F779-404F-9E16-900BF988D379}.Debug|Any CPU.ActiveCfg = Debug|Any CPU
		{DFF946F2-F779-404F-9E16-900BF988D379}.Debug|Any CPU.Build.0 = Debug|Any CPU
		{DFF946F2-F779-404F-9E16-900BF988D379}.Release|Any CPU.ActiveCfg = Release|Any CPU
		{DFF946F2-F779-404F-9E16-900BF988D379}.Release|Any CPU.Build.0 = Release|Any CPU
	EndGlobalSection
	GlobalSection(SolutionProperties) = preSolution
		HideSolutionNode = FALSE
	EndGlobalSection
	GlobalSection(ExtensibilityGlobals) = postSolution
		SolutionGuid = {94CF79CA-0876-4DEF-A021-636F03B27D9E}
	EndGlobalSection
EndGlobal
